
Microsoft Visual Studio Solution File, Format Version 11.00
# Visual Studio 2010
Project("{FAE04EC0-301F-11D3-BF4B-00C04F79EFBC}") = "GetFileExtensions", "GetFileExtensions\GetFileExtensions.csproj", "{73EFCB86-FC13-482A-969E-727A349688FC}"
EndProject
Project("{2150E333-8FDC-42A3-9474-1A3956D46DE8}") = "Solution Items", "Solution Items", "{405A8823-D8B6-4141-BFCA-469EAB1949B4}"
	ProjectSection(SolutionItems) = preProject
		FileFinder.cs = FileFinder.cs
	EndProjectSection
EndProject
Global
	GlobalSection(SolutionConfigurationPlatforms) = preSolution
		Debug|x86 = Debug|x86
		Release|x86 = Release|x86
	EndGlobalSection
	GlobalSection(ProjectConfigurationPlatforms) = postSolution
		{73EFCB86-FC13-482A-969E-727A349688FC}.Debug|x86.ActiveCfg = Debug|x86
		{73EFCB86-FC13-482A-969E-727A349688FC}.Debug|x86.Build.0 = Debug|x86
		{73EFCB86-FC13-482A-969E-727A349688FC}.Release|x86.ActiveCfg = Release|x86
		{73EFCB86-FC13-482A-969E-727A349688FC}.Release|x86.Build.0 = Release|x86
	EndGlobalSection
	GlobalSection(SolutionProperties) = preSolution
		HideSolutionNode = FALSE
	EndGlobalSection
EndGlobal
